{
    "_meta": {
        "hash": {
            "sha256": "617c5376aca5291b862bf2cd83f850d2959bcf11b480b29d9caa028d9638afaa"
        },
        "pipfile-spec": 6,
        "requires": {
            "python_version": "3.11"
        },
        "sources": [
            {
                "name": "pypi",
                "url": "https://pypi.org/simple",
                "verify_ssl": true
            }
        ]
    },
    "default": {
        "asgiref": {
            "hashes": [
                "sha256:13acff32519542a1736223fb79a715acdebe24286d98e8b164a73085f40da2c4",
                "sha256:1db9021efadb0d9512ce8ffaf72fcef601c7b73a8807a1bb2ef143dc6b14846d"
            ],
            "markers": "python_version >= '3.9'",
            "version": "==3.11.0"
        },
        "crispy-bootstrap4": {
            "hashes": [
                "sha256:64bf732b27690c7147bfaa154b4b690217bee81c71731daf5da73de00ee01943",
                "sha256:69066c33fc9c8841cbd8741a7ec99ad9234f12877b4549490031a47c2c1abd79"
            ],
            "index": "pypi",
            "markers": "python_version >= '3.8'",
            "version": "==2025.6"
        },
        "django": {
            "hashes": [
                "sha256:b865fbe0f4a3d1ee36594c5efa42b20db3c8bbb10dff0736face1c6e4bda5b92",
                "sha256:f393a394053713e7d213984555c5b7d3caeee78b2ccb729888a0774dff6c11a8"
            ],
            "index": "pypi",
            "markers": "python_version >= '3.8'",
            "version": "==4.2.27"
        },
        "django-countries": {
            "hashes": [
                "sha256:2b2617bec7c15dc735bdec38ae89f0058e38fddfffdb19a7f6b75ef1e3d5380f",
                "sha256:6df3883180599052c7dfa9a8be0601792441cfb248935dc229ad1ac92e9e39e3"
            ],
            "index": "pypi",
            "markers": "python_version >= '3.8'",
            "version": "==8.2.0"
        },
        "django-crispy-forms": {
            "hashes": [
                "sha256:066e72a8f152a1334f1c811cc37740868efe3265e5a218f79079ef89f848c3d8",
                "sha256:adc99d5901baca09479c53bf536b3909e80a9f2bb299438a223de4c106ebf1f9"
            ],
            "markers": "python_version >= '3.9'",
            "version": "==2.5"
        },
        "django-excel-response": {
            "hashes": [
                "sha256:1e432c6e10272dcc9795a0f475d97d3cc7a96299b2d5cd97bdf812bbff934d7c"
            ],
            "index": "pypi",
            "version": "==2.0.5"
        },
        "django-tinymce": {
            "hashes": [
                "sha256:6257669ed596accf5fa967ff3061276b2c5352baac1bbc658fcd8252b12ca38a",
                "sha256:c2e9c5efd2cc6c036f4c57e602b133180433e2bd1513b897089d3c4fb4e20579"
            ],
            "index": "pypi",
            "markers": "python_version >= '3.9'",
            "version": "==5.0.0"
        },
        "et-xmlfile": {
            "hashes": [
                "sha256:7a91720bc756843502c3b7504c77b8fe44217c85c537d85037f0f536151b2caa",
                "sha256:dab3f4764309081ce75662649be815c4c9081e88f0837825f90fd28317d4da54"
            ],
            "markers": "python_version >= '3.8'",
            "version": "==2.0.0"
        },
        "jdcal": {
            "hashes": [
                "sha256:1abf1305fce18b4e8aa248cf8fe0c56ce2032392bc64bbd61b5dff2a19ec8bba",
                "sha256:472872e096eb8df219c23f2689fc336668bdb43d194094b5cc1707e1640acfc8"
            ],
            "version": "==1.4.1"
        },
        "openpyxl": {
            "hashes": [
                "sha256:626d38647c063d55803ef4971c4d43226538d4e95cb6260c094e363ee33e10c7"
            ],
            "version": "==2.4.11"
        },
        "sqlparse": {
            "hashes": [
                "sha256:12a08b3bf3eec877c519589833aed092e2444e68240a3577e8e26148acc7b1ba",
                "sha256:e20d4a9b0b8585fdf63b10d30066c7c94c5d7a7ec47c889a2d83a3caa93ff28e"
            ],
            "markers": "python_version >= '3.8'",
            "version": "==0.5.5"
        },
        "typing-extensions": {
            "hashes": [
                "sha256:0cea48d173cc12fa28ecabc3b837ea3cf6f38c6d1136f85cbaaf598984861466",
                "sha256:f0fa19c6845758ab08074a0cfa8b7aecb71c999ca73d62883bc25cc018c4e548"
            ],
            "markers": "python_version >= '3.9'",
            "version": "==4.15.0"
        },
        "tzdata": {
            "hashes": [
                "sha256:06a47e5700f3081aab02b2e513160914ff0694bce9947d6b76ebd6bf57cfc5d1",
                "sha256:de39c2ca5dc7b0344f2eba86f49d614019d29f060fc4ebc8a417896a620b56a7"
            ],
            "markers": "python_version >= '2'",
            "version": "==2025.3"
        }
    },
    "develop": {}
}
